
Microsoft Visual Studio Solution File, Format Version 12.00
# Visual Studio 2013
VisualStudioVersion = 12.0.30501.0
MinimumVisualStudioVersion = 10.0.40219.1
Project("{8BC9CEB8-8B4A-11D0-8D11-00A0C91BC942}") = "01顶点程序", "1顶点程序\1顶点程序.vcxproj", "{D0EB38EE-923B-4BE6-991A-4D7F85F9E3FA}"
EndProject
Project("{8BC9CEB8-8B4A-11D0-8D11-00A0C91BC942}") = "02像素程序", "2像素程序\2像素程序.vcxproj", "{8F5FB73F-B718-4E15-885B-6BC9A1B92CD4}"
EndProject
Project("{8BC9CEB8-8B4A-11D0-8D11-00A0C91BC942}") = "03uinform参数的使用", "3uinform参数的使用\3uinform参数的使用.vcxproj", "{B2262C2A-0236-4812-844F-A49AE3F7C9D4}"
EndProject
Project("{8BC9CEB8-8B4A-11D0-8D11-00A0C91BC942}") = "04纹理采样", "4纹理采样\4纹理采样.vcxproj", "{98F73A80-0B7A-4CB3-BE5D-668BDC966B34}"
EndProject
Project("{8BC9CEB8-8B4A-11D0-8D11-00A0C91BC942}") = "05三角形扭曲", "5三角形扭曲\5三角形扭曲.vcxproj", "{A36CDA05-97DF-4A41-9618-C130DDDA8CE8}"
EndProject
Project("{8BC9CEB8-8B4A-11D0-8D11-00A0C91BC942}") = "06重影效果", "6重影效果\6重影效果.vcxproj", "{EB5A4322-2CDE-45BE-9A4A-AFBAB671BBC9}"
EndProject
Project("{8BC9CEB8-8B4A-11D0-8D11-00A0C91BC942}") = "07简单光照", "7简单光照\7简单光照.vcxproj", "{025B5E4F-27FE-4FE2-A5C9-76CC7A446D23}"
EndProject
Project("{8BC9CEB8-8B4A-11D0-8D11-00A0C91BC942}") = "08光照-片段处理", "8光照-片段处理\8光照-片段处理.vcxproj", "{2A5C8F2F-B6F9-4B6E-B6C5-04EE1E0FF9AD}"
EndProject
Project("{8BC9CEB8-8B4A-11D0-8D11-00A0C91BC942}") = "09光照-聚光灯", "9光照-聚光灯\9光照-聚光灯.vcxproj", "{1F694E95-25E8-42F4-945C-C6F23280C477}"
EndProject
Project("{8BC9CEB8-8B4A-11D0-8D11-00A0C91BC942}") = "10膨胀动画", "10膨胀动画\10膨胀动画.vcxproj", "{78739347-8C02-40CC-BF16-B3967D9DF71A}"
EndProject
Project("{8BC9CEB8-8B4A-11D0-8D11-00A0C91BC942}") = "11粒子", "11粒子\11粒子.vcxproj", "{A842F9D2-EC26-44CE-B65F-DCD8E960BE16}"
EndProject
Project("{8BC9CEB8-8B4A-11D0-8D11-00A0C91BC942}") = "12关键帧插值", "12关键帧插值\12关键帧插值.vcxproj", "{6B4EDBA8-4704-4161-A332-521EC5EB7C9F}"
EndProject
Project("{8BC9CEB8-8B4A-11D0-8D11-00A0C91BC942}") = "13反射环境映射", "13反射环境映射\13反射环境映射.vcxproj", "{6EF41B8B-6CB2-4DBE-8F74-15EDECE5CB8E}"
EndProject
Project("{8BC9CEB8-8B4A-11D0-8D11-00A0C91BC942}") = "14折射环境映射", "14折射环境映射\14折射环境映射.vcxproj", "{ED4E2830-702D-4517-8E88-0ABE2C4ECBBB}"
EndProject
Project("{8BC9CEB8-8B4A-11D0-8D11-00A0C91BC942}") = "15菲涅尔效果和颜色色散", "15菲涅尔效果和颜色色散\15菲涅尔效果和颜色色散.vcxproj", "{B96ECC99-DC76-4FA5-9C28-E5CD98EF20CA}"
EndProject
Project("{8BC9CEB8-8B4A-11D0-8D11-00A0C91BC942}") = "16凹凸映射-砖", "16凹凸映射-砖\16凹凸映射-砖.vcxproj", "{15935C82-06B7-406A-83D9-0873415C783F}"
EndProject
Project("{8BC9CEB8-8B4A-11D0-8D11-00A0C91BC942}") = "17凹凸映射-砖+镜面反射", "17凹凸映射-砖+镜面反射\17凹凸映射-砖+镜面反射.vcxproj", "{3355C4B7-6607-4835-B433-D9549C2AB70B}"
EndProject
Project("{8BC9CEB8-8B4A-11D0-8D11-00A0C91BC942}") = "18凹凸映射-圆环", "18凹凸映射-圆环\18凹凸映射-圆环.vcxproj", "{A74C7520-CCC8-4739-9D94-C014CCB62242}"
EndProject
Project("{8BC9CEB8-8B4A-11D0-8D11-00A0C91BC942}") = "19凹凸贴图-任意三角形", "19凹凸贴图-任意三角形\19凹凸贴图-任意三角形.vcxproj", "{4532EB95-F3B0-4897-BF6A-8E1917EBFFB7}"
EndProject
Project("{8BC9CEB8-8B4A-11D0-8D11-00A0C91BC942}") = "20雾", "20雾\20雾.vcxproj", "{6EB9B38C-18A2-4C8C-BDF6-E6BB27C1C76D}"
EndProject
Project("{8BC9CEB8-8B4A-11D0-8D11-00A0C91BC942}") = "21卡通着色", "21卡通着色\21卡通着色.vcxproj", "{0B9A2285-4C2B-4592-B9E0-215ECAFC2FFB}"
EndProject
Project("{8BC9CEB8-8B4A-11D0-8D11-00A0C91BC942}") = "22投影纹理", "22投影纹理\22投影纹理.vcxproj", "{D39FC4F7-B17B-4E64-8A34-E9C7A6B879D7}"
EndProject
Project("{8BC9CEB8-8B4A-11D0-8D11-00A0C91BC942}") = "23阴影映射(Shadow Mapping)", "23阴影映射(Shadow Mapping)\23阴影映射(Shadow Mapping).vcxproj", "{EE629E03-6776-41E1-84C6-1739C3723620}"
EndProject
Global
	GlobalSection(SolutionConfigurationPlatforms) = preSolution
		Debug|Win32 = Debug|Win32
		Release|Win32 = Release|Win32
	EndGlobalSection
	GlobalSection(ProjectConfigurationPlatforms) = postSolution
		{D0EB38EE-923B-4BE6-991A-4D7F85F9E3FA}.Debug|Win32.ActiveCfg = Debug|Win32
		{D0EB38EE-923B-4BE6-991A-4D7F85F9E3FA}.Debug|Win32.Build.0 = Debug|Win32
		{D0EB38EE-923B-4BE6-991A-4D7F85F9E3FA}.Release|Win32.ActiveCfg = Release|Win32
		{D0EB38EE-923B-4BE6-991A-4D7F85F9E3FA}.Release|Win32.Build.0 = Release|Win32
		{8F5FB73F-B718-4E15-885B-6BC9A1B92CD4}.Debug|Win32.ActiveCfg = Debug|Win32
		{8F5FB73F-B718-4E15-885B-6BC9A1B92CD4}.Debug|Win32.Build.0 = Debug|Win32
		{8F5FB73F-B718-4E15-885B-6BC9A1B92CD4}.Release|Win32.ActiveCfg = Release|Win32
		{8F5FB73F-B718-4E15-885B-6BC9A1B92CD4}.Release|Win32.Build.0 = Release|Win32
		{B2262C2A-0236-4812-844F-A49AE3F7C9D4}.Debug|Win32.ActiveCfg = Debug|Win32
		{B2262C2A-0236-4812-844F-A49AE3F7C9D4}.Debug|Win32.Build.0 = Debug|Win32
		{B2262C2A-0236-4812-844F-A49AE3F7C9D4}.Release|Win32.ActiveCfg = Release|Win32
		{B2262C2A-0236-4812-844F-A49AE3F7C9D4}.Release|Win32.Build.0 = Release|Win32
		{98F73A80-0B7A-4CB3-BE5D-668BDC966B34}.Debug|Win32.ActiveCfg = Debug|Win32
		{98F73A80-0B7A-4CB3-BE5D-668BDC966B34}.Debug|Win32.Build.0 = Debug|Win32
		{98F73A80-0B7A-4CB3-BE5D-668BDC966B34}.Release|Win32.ActiveCfg = Release|Win32
		{98F73A80-0B7A-4CB3-BE5D-668BDC966B34}.Release|Win32.Build.0 = Release|Win32
		{A36CDA05-97DF-4A41-9618-C130DDDA8CE8}.Debug|Win32.ActiveCfg = Debug|Win32
		{A36CDA05-97DF-4A41-9618-C130DDDA8CE8}.Debug|Win32.Build.0 = Debug|Win32
		{A36CDA05-97DF-4A41-9618-C130DDDA8CE8}.Release|Win32.ActiveCfg = Release|Win32
		{A36CDA05-97DF-4A41-9618-C130DDDA8CE8}.Release|Win32.Build.0 = Release|Win32
		{EB5A4322-2CDE-45BE-9A4A-AFBAB671BBC9}.Debug|Win32.ActiveCfg = Debug|Win32
		{EB5A4322-2CDE-45BE-9A4A-AFBAB671BBC9}.Debug|Win32.Build.0 = Debug|Win32
		{EB5A4322-2CDE-45BE-9A4A-AFBAB671BBC9}.Release|Win32.ActiveCfg = Release|Win32
		{EB5A4322-2CDE-45BE-9A4A-AFBAB671BBC9}.Release|Win32.Build.0 = Release|Win32
		{025B5E4F-27FE-4FE2-A5C9-76CC7A446D23}.Debug|Win32.ActiveCfg = Debug|Win32
		{025B5E4F-27FE-4FE2-A5C9-76CC7A446D23}.Debug|Win32.Build.0 = Debug|Win32
		{025B5E4F-27FE-4FE2-A5C9-76CC7A446D23}.Release|Win32.ActiveCfg = Release|Win32
		{025B5E4F-27FE-4FE2-A5C9-76CC7A446D23}.Release|Win32.Build.0 = Release|Win32
		{2A5C8F2F-B6F9-4B6E-B6C5-04EE1E0FF9AD}.Debug|Win32.ActiveCfg = Debug|Win32
		{2A5C8F2F-B6F9-4B6E-B6C5-04EE1E0FF9AD}.Debug|Win32.Build.0 = Debug|Win32
		{2A5C8F2F-B6F9-4B6E-B6C5-04EE1E0FF9AD}.Release|Win32.ActiveCfg = Release|Win32
		{2A5C8F2F-B6F9-4B6E-B6C5-04EE1E0FF9AD}.Release|Win32.Build.0 = Release|Win32
		{1F694E95-25E8-42F4-945C-C6F23280C477}.Debug|Win32.ActiveCfg = Debug|Win32
		{1F694E95-25E8-42F4-945C-C6F23280C477}.Debug|Win32.Build.0 = Debug|Win32
		{1F694E95-25E8-42F4-945C-C6F23280C477}.Release|Win32.ActiveCfg = Release|Win32
		{1F694E95-25E8-42F4-945C-C6F23280C477}.Release|Win32.Build.0 = Release|Win32
		{78739347-8C02-40CC-BF16-B3967D9DF71A}.Debug|Win32.ActiveCfg = Debug|Win32
		{78739347-8C02-40CC-BF16-B3967D9DF71A}.Debug|Win32.Build.0 = Debug|Win32
		{78739347-8C02-40CC-BF16-B3967D9DF71A}.Release|Win32.ActiveCfg = Release|Win32
		{78739347-8C02-40CC-BF16-B3967D9DF71A}.Release|Win32.Build.0 = Release|Win32
		{A842F9D2-EC26-44CE-B65F-DCD8E960BE16}.Debug|Win32.ActiveCfg = Debug|Win32
		{A842F9D2-EC26-44CE-B65F-DCD8E960BE16}.Debug|Win32.Build.0 = Debug|Win32
		{A842F9D2-EC26-44CE-B65F-DCD8E960BE16}.Release|Win32.ActiveCfg = Release|Win32
		{A842F9D2-EC26-44CE-B65F-DCD8E960BE16}.Release|Win32.Build.0 = Release|Win32
		{6B4EDBA8-4704-4161-A332-521EC5EB7C9F}.Debug|Win32.ActiveCfg = Debug|Win32
		{6B4EDBA8-4704-4161-A332-521EC5EB7C9F}.Debug|Win32.Build.0 = Debug|Win32
		{6B4EDBA8-4704-4161-A332-521EC5EB7C9F}.Release|Win32.ActiveCfg = Release|Win32
		{6B4EDBA8-4704-4161-A332-521EC5EB7C9F}.Release|Win32.Build.0 = Release|Win32
		{6EF41B8B-6CB2-4DBE-8F74-15EDECE5CB8E}.Debug|Win32.ActiveCfg = Debug|Win32
		{6EF41B8B-6CB2-4DBE-8F74-15EDECE5CB8E}.Debug|Win32.Build.0 = Debug|Win32
		{6EF41B8B-6CB2-4DBE-8F74-15EDECE5CB8E}.Release|Win32.ActiveCfg = Release|Win32
		{6EF41B8B-6CB2-4DBE-8F74-15EDECE5CB8E}.Release|Win32.Build.0 = Release|Win32
		{ED4E2830-702D-4517-8E88-0ABE2C4ECBBB}.Debug|Win32.ActiveCfg = Debug|Win32
		{ED4E2830-702D-4517-8E88-0ABE2C4ECBBB}.Debug|Win32.Build.0 = Debug|Win32
		{ED4E2830-702D-4517-8E88-0ABE2C4ECBBB}.Release|Win32.ActiveCfg = Release|Win32
		{ED4E2830-702D-4517-8E88-0ABE2C4ECBBB}.Release|Win32.Build.0 = Release|Win32
		{B96ECC99-DC76-4FA5-9C28-E5CD98EF20CA}.Debug|Win32.ActiveCfg = Debug|Win32
		{B96ECC99-DC76-4FA5-9C28-E5CD98EF20CA}.Debug|Win32.Build.0 = Debug|Win32
		{B96ECC99-DC76-4FA5-9C28-E5CD98EF20CA}.Release|Win32.ActiveCfg = Release|Win32
		{B96ECC99-DC76-4FA5-9C28-E5CD98EF20CA}.Release|Win32.Build.0 = Release|Win32
		{15935C82-06B7-406A-83D9-0873415C783F}.Debug|Win32.ActiveCfg = Debug|Win32
		{15935C82-06B7-406A-83D9-0873415C783F}.Debug|Win32.Build.0 = Debug|Win32
		{15935C82-06B7-406A-83D9-0873415C783F}.Release|Win32.ActiveCfg = Release|Win32
		{15935C82-06B7-406A-83D9-0873415C783F}.Release|Win32.Build.0 = Release|Win32
		{3355C4B7-6607-4835-B433-D9549C2AB70B}.Debug|Win32.ActiveCfg = Debug|Win32
		{3355C4B7-6607-4835-B433-D9549C2AB70B}.Debug|Win32.Build.0 = Debug|Win32
		{3355C4B7-6607-4835-B433-D9549C2AB70B}.Release|Win32.ActiveCfg = Release|Win32
		{3355C4B7-6607-4835-B433-D9549C2AB70B}.Release|Win32.Build.0 = Release|Win32
		{A74C7520-CCC8-4739-9D94-C014CCB62242}.Debug|Win32.ActiveCfg = Debug|Win32
		{A74C7520-CCC8-4739-9D94-C014CCB62242}.Debug|Win32.Build.0 = Debug|Win32
		{A74C7520-CCC8-4739-9D94-C014CCB62242}.Release|Win32.ActiveCfg = Release|Win32
		{A74C7520-CCC8-4739-9D94-C014CCB62242}.Release|Win32.Build.0 = Release|Win32
		{4532EB95-F3B0-4897-BF6A-8E1917EBFFB7}.Debug|Win32.ActiveCfg = Debug|Win32
		{4532EB95-F3B0-4897-BF6A-8E1917EBFFB7}.Debug|Win32.Build.0 = Debug|Win32
		{4532EB95-F3B0-4897-BF6A-8E1917EBFFB7}.Release|Win32.ActiveCfg = Release|Win32
		{4532EB95-F3B0-4897-BF6A-8E1917EBFFB7}.Release|Win32.Build.0 = Release|Win32
		{6EB9B38C-18A2-4C8C-BDF6-E6BB27C1C76D}.Debug|Win32.ActiveCfg = Debug|Win32
		{6EB9B38C-18A2-4C8C-BDF6-E6BB27C1C76D}.Debug|Win32.Build.0 = Debug|Win32
		{6EB9B38C-18A2-4C8C-BDF6-E6BB27C1C76D}.Release|Win32.ActiveCfg = Release|Win32
		{6EB9B38C-18A2-4C8C-BDF6-E6BB27C1C76D}.Release|Win32.Build.0 = Release|Win32
		{0B9A2285-4C2B-4592-B9E0-215ECAFC2FFB}.Debug|Win32.ActiveCfg = Debug|Win32
		{0B9A2285-4C2B-4592-B9E0-215ECAFC2FFB}.Debug|Win32.Build.0 = Debug|Win32
		{0B9A2285-4C2B-4592-B9E0-215ECAFC2FFB}.Release|Win32.ActiveCfg = Release|Win32
		{0B9A2285-4C2B-4592-B9E0-215ECAFC2FFB}.Release|Win32.Build.0 = Release|Win32
		{D39FC4F7-B17B-4E64-8A34-E9C7A6B879D7}.Debug|Win32.ActiveCfg = Debug|Win32
		{D39FC4F7-B17B-4E64-8A34-E9C7A6B879D7}.Debug|Win32.Build.0 = Debug|Win32
		{D39FC4F7-B17B-4E64-8A34-E9C7A6B879D7}.Release|Win32.ActiveCfg = Release|Win32
		{D39FC4F7-B17B-4E64-8A34-E9C7A6B879D7}.Release|Win32.Build.0 = Release|Win32
		{EE629E03-6776-41E1-84C6-1739C3723620}.Debug|Win32.ActiveCfg = Debug|Win32
		{EE629E03-6776-41E1-84C6-1739C3723620}.Debug|Win32.Build.0 = Debug|Win32
		{EE629E03-6776-41E1-84C6-1739C3723620}.Release|Win32.ActiveCfg = Release|Win32
		{EE629E03-6776-41E1-84C6-1739C3723620}.Release|Win32.Build.0 = Release|Win32
	EndGlobalSection
	GlobalSection(SolutionProperties) = preSolution
		HideSolutionNode = FALSE
	EndGlobalSection
EndGlobal
