
Microsoft Visual Studio Solution File, Format Version 12.00
# Visual Studio 2013
VisualStudioVersion = 12.0.21005.1
MinimumVisualStudioVersion = 10.0.40219.1
Project("{8BC9CEB8-8B4A-11D0-8D11-00A0C91BC942}") = "12Font_D3DXFont", "12Font\12Font.vcxproj", "{F263699D-CAF1-4DD2-AC3A-43B4BE20A24F}"
EndProject
Project("{8BC9CEB8-8B4A-11D0-8D11-00A0C91BC942}") = "13Font_CD3DFont", "13Font_CD3DFont\13Font_CD3DFont.vcxproj", "{2D670149-2D5D-4547-B4A0-CF3CCF826459}"
EndProject
Project("{8BC9CEB8-8B4A-11D0-8D11-00A0C91BC942}") = "14Font_D3DXCreateText", "14Font_D3DXCreateText\14Font_D3DXCreateText.vcxproj", "{5F030749-F601-4C59-A4C5-E5E1D1A6B65A}"
EndProject
Project("{8BC9CEB8-8B4A-11D0-8D11-00A0C91BC942}") = "15Mesh1", "15Mesh1\15Mesh1.vcxproj", "{E528BB87-B706-42E1-8E7B-6150B9540F99}"
EndProject
Project("{8BC9CEB8-8B4A-11D0-8D11-00A0C91BC942}") = "16Mesh-xFile", "16Mesh-xFile\16Mesh-xFile.vcxproj", "{A42E4285-C116-4449-97E6-8D2B0BC2A2AB}"
EndProject
Project("{8BC9CEB8-8B4A-11D0-8D11-00A0C91BC942}") = "17Mesh-PMesh", "17Mesh-PMesh\17Mesh-PMesh.vcxproj", "{A06DBD2F-28F1-4328-8B5C-598CEE74AE15}"
EndProject
Project("{8BC9CEB8-8B4A-11D0-8D11-00A0C91BC942}") = "18Mesh-BoundingBox", "18Mesh-BoundingBox\18Mesh-BoundingBox.vcxproj", "{EBA70F41-5BE3-4544-961E-1249289BF43D}"
EndProject
Project("{8BC9CEB8-8B4A-11D0-8D11-00A0C91BC942}") = "HLSL1", "HLSL1\HLSL1.vcxproj", "{37D3FB77-50FD-4B3B-81D3-6C43DF8C19BF}"
EndProject
Project("{8BC9CEB8-8B4A-11D0-8D11-00A0C91BC942}") = "HLSL2", "HLSL2\HLSL2.vcxproj", "{75F31FAE-EB5D-4C0A-B821-AE9235F05B46}"
EndProject
Project("{8BC9CEB8-8B4A-11D0-8D11-00A0C91BC942}") = "HLSL3", "HLSL3\HLSL3.vcxproj", "{B34CC822-46A6-4D1E-A310-AAE156CADEA2}"
EndProject
Global
	GlobalSection(SolutionConfigurationPlatforms) = preSolution
		Debug|ARM = Debug|ARM
		Debug|Win32 = Debug|Win32
		Debug|x64 = Debug|x64
		Release|ARM = Release|ARM
		Release|Win32 = Release|Win32
		Release|x64 = Release|x64
	EndGlobalSection
	GlobalSection(ProjectConfigurationPlatforms) = postSolution
		{F263699D-CAF1-4DD2-AC3A-43B4BE20A24F}.Debug|ARM.ActiveCfg = Debug|Win32
		{F263699D-CAF1-4DD2-AC3A-43B4BE20A24F}.Debug|Win32.ActiveCfg = Debug|Win32
		{F263699D-CAF1-4DD2-AC3A-43B4BE20A24F}.Debug|Win32.Build.0 = Debug|Win32
		{F263699D-CAF1-4DD2-AC3A-43B4BE20A24F}.Debug|x64.ActiveCfg = Debug|Win32
		{F263699D-CAF1-4DD2-AC3A-43B4BE20A24F}.Release|ARM.ActiveCfg = Release|Win32
		{F263699D-CAF1-4DD2-AC3A-43B4BE20A24F}.Release|Win32.ActiveCfg = Release|Win32
		{F263699D-CAF1-4DD2-AC3A-43B4BE20A24F}.Release|Win32.Build.0 = Release|Win32
		{F263699D-CAF1-4DD2-AC3A-43B4BE20A24F}.Release|x64.ActiveCfg = Release|Win32
		{2D670149-2D5D-4547-B4A0-CF3CCF826459}.Debug|ARM.ActiveCfg = Debug|Win32
		{2D670149-2D5D-4547-B4A0-CF3CCF826459}.Debug|Win32.ActiveCfg = Debug|Win32
		{2D670149-2D5D-4547-B4A0-CF3CCF826459}.Debug|Win32.Build.0 = Debug|Win32
		{2D670149-2D5D-4547-B4A0-CF3CCF826459}.Debug|x64.ActiveCfg = Debug|Win32
		{2D670149-2D5D-4547-B4A0-CF3CCF826459}.Release|ARM.ActiveCfg = Release|Win32
		{2D670149-2D5D-4547-B4A0-CF3CCF826459}.Release|Win32.ActiveCfg = Release|Win32
		{2D670149-2D5D-4547-B4A0-CF3CCF826459}.Release|Win32.Build.0 = Release|Win32
		{2D670149-2D5D-4547-B4A0-CF3CCF826459}.Release|x64.ActiveCfg = Release|Win32
		{5F030749-F601-4C59-A4C5-E5E1D1A6B65A}.Debug|ARM.ActiveCfg = Debug|Win32
		{5F030749-F601-4C59-A4C5-E5E1D1A6B65A}.Debug|Win32.ActiveCfg = Debug|Win32
		{5F030749-F601-4C59-A4C5-E5E1D1A6B65A}.Debug|Win32.Build.0 = Debug|Win32
		{5F030749-F601-4C59-A4C5-E5E1D1A6B65A}.Debug|x64.ActiveCfg = Debug|Win32
		{5F030749-F601-4C59-A4C5-E5E1D1A6B65A}.Release|ARM.ActiveCfg = Release|Win32
		{5F030749-F601-4C59-A4C5-E5E1D1A6B65A}.Release|Win32.ActiveCfg = Release|Win32
		{5F030749-F601-4C59-A4C5-E5E1D1A6B65A}.Release|Win32.Build.0 = Release|Win32
		{5F030749-F601-4C59-A4C5-E5E1D1A6B65A}.Release|x64.ActiveCfg = Release|Win32
		{E528BB87-B706-42E1-8E7B-6150B9540F99}.Debug|ARM.ActiveCfg = Debug|Win32
		{E528BB87-B706-42E1-8E7B-6150B9540F99}.Debug|Win32.ActiveCfg = Debug|Win32
		{E528BB87-B706-42E1-8E7B-6150B9540F99}.Debug|Win32.Build.0 = Debug|Win32
		{E528BB87-B706-42E1-8E7B-6150B9540F99}.Debug|x64.ActiveCfg = Debug|Win32
		{E528BB87-B706-42E1-8E7B-6150B9540F99}.Release|ARM.ActiveCfg = Release|Win32
		{E528BB87-B706-42E1-8E7B-6150B9540F99}.Release|Win32.ActiveCfg = Release|Win32
		{E528BB87-B706-42E1-8E7B-6150B9540F99}.Release|Win32.Build.0 = Release|Win32
		{E528BB87-B706-42E1-8E7B-6150B9540F99}.Release|x64.ActiveCfg = Release|Win32
		{A42E4285-C116-4449-97E6-8D2B0BC2A2AB}.Debug|ARM.ActiveCfg = Debug|Win32
		{A42E4285-C116-4449-97E6-8D2B0BC2A2AB}.Debug|Win32.ActiveCfg = Debug|Win32
		{A42E4285-C116-4449-97E6-8D2B0BC2A2AB}.Debug|Win32.Build.0 = Debug|Win32
		{A42E4285-C116-4449-97E6-8D2B0BC2A2AB}.Debug|x64.ActiveCfg = Debug|Win32
		{A42E4285-C116-4449-97E6-8D2B0BC2A2AB}.Release|ARM.ActiveCfg = Release|Win32
		{A42E4285-C116-4449-97E6-8D2B0BC2A2AB}.Release|Win32.ActiveCfg = Release|Win32
		{A42E4285-C116-4449-97E6-8D2B0BC2A2AB}.Release|Win32.Build.0 = Release|Win32
		{A42E4285-C116-4449-97E6-8D2B0BC2A2AB}.Release|x64.ActiveCfg = Release|Win32
		{A06DBD2F-28F1-4328-8B5C-598CEE74AE15}.Debug|ARM.ActiveCfg = Debug|Win32
		{A06DBD2F-28F1-4328-8B5C-598CEE74AE15}.Debug|Win32.ActiveCfg = Debug|Win32
		{A06DBD2F-28F1-4328-8B5C-598CEE74AE15}.Debug|Win32.Build.0 = Debug|Win32
		{A06DBD2F-28F1-4328-8B5C-598CEE74AE15}.Debug|x64.ActiveCfg = Debug|Win32
		{A06DBD2F-28F1-4328-8B5C-598CEE74AE15}.Release|ARM.ActiveCfg = Release|Win32
		{A06DBD2F-28F1-4328-8B5C-598CEE74AE15}.Release|Win32.ActiveCfg = Release|Win32
		{A06DBD2F-28F1-4328-8B5C-598CEE74AE15}.Release|Win32.Build.0 = Release|Win32
		{A06DBD2F-28F1-4328-8B5C-598CEE74AE15}.Release|x64.ActiveCfg = Release|Win32
		{EBA70F41-5BE3-4544-961E-1249289BF43D}.Debug|ARM.ActiveCfg = Debug|Win32
		{EBA70F41-5BE3-4544-961E-1249289BF43D}.Debug|Win32.ActiveCfg = Debug|Win32
		{EBA70F41-5BE3-4544-961E-1249289BF43D}.Debug|Win32.Build.0 = Debug|Win32
		{EBA70F41-5BE3-4544-961E-1249289BF43D}.Debug|x64.ActiveCfg = Debug|Win32
		{EBA70F41-5BE3-4544-961E-1249289BF43D}.Release|ARM.ActiveCfg = Release|Win32
		{EBA70F41-5BE3-4544-961E-1249289BF43D}.Release|Win32.ActiveCfg = Release|Win32
		{EBA70F41-5BE3-4544-961E-1249289BF43D}.Release|Win32.Build.0 = Release|Win32
		{EBA70F41-5BE3-4544-961E-1249289BF43D}.Release|x64.ActiveCfg = Release|Win32
		{37D3FB77-50FD-4B3B-81D3-6C43DF8C19BF}.Debug|ARM.ActiveCfg = Debug|Win32
		{37D3FB77-50FD-4B3B-81D3-6C43DF8C19BF}.Debug|Win32.ActiveCfg = Debug|Win32
		{37D3FB77-50FD-4B3B-81D3-6C43DF8C19BF}.Debug|Win32.Build.0 = Debug|Win32
		{37D3FB77-50FD-4B3B-81D3-6C43DF8C19BF}.Debug|x64.ActiveCfg = Debug|Win32
		{37D3FB77-50FD-4B3B-81D3-6C43DF8C19BF}.Release|ARM.ActiveCfg = Release|Win32
		{37D3FB77-50FD-4B3B-81D3-6C43DF8C19BF}.Release|Win32.ActiveCfg = Release|Win32
		{37D3FB77-50FD-4B3B-81D3-6C43DF8C19BF}.Release|Win32.Build.0 = Release|Win32
		{37D3FB77-50FD-4B3B-81D3-6C43DF8C19BF}.Release|x64.ActiveCfg = Release|Win32
		{75F31FAE-EB5D-4C0A-B821-AE9235F05B46}.Debug|ARM.ActiveCfg = Debug|Win32
		{75F31FAE-EB5D-4C0A-B821-AE9235F05B46}.Debug|Win32.ActiveCfg = Debug|Win32
		{75F31FAE-EB5D-4C0A-B821-AE9235F05B46}.Debug|Win32.Build.0 = Debug|Win32
		{75F31FAE-EB5D-4C0A-B821-AE9235F05B46}.Debug|x64.ActiveCfg = Debug|Win32
		{75F31FAE-EB5D-4C0A-B821-AE9235F05B46}.Release|ARM.ActiveCfg = Release|Win32
		{75F31FAE-EB5D-4C0A-B821-AE9235F05B46}.Release|Win32.ActiveCfg = Release|Win32
		{75F31FAE-EB5D-4C0A-B821-AE9235F05B46}.Release|Win32.Build.0 = Release|Win32
		{75F31FAE-EB5D-4C0A-B821-AE9235F05B46}.Release|x64.ActiveCfg = Release|Win32
		{B34CC822-46A6-4D1E-A310-AAE156CADEA2}.Debug|ARM.ActiveCfg = Debug|Win32
		{B34CC822-46A6-4D1E-A310-AAE156CADEA2}.Debug|Win32.ActiveCfg = Debug|Win32
		{B34CC822-46A6-4D1E-A310-AAE156CADEA2}.Debug|Win32.Build.0 = Debug|Win32
		{B34CC822-46A6-4D1E-A310-AAE156CADEA2}.Debug|x64.ActiveCfg = Debug|Win32
		{B34CC822-46A6-4D1E-A310-AAE156CADEA2}.Release|ARM.ActiveCfg = Release|Win32
		{B34CC822-46A6-4D1E-A310-AAE156CADEA2}.Release|Win32.ActiveCfg = Release|Win32
		{B34CC822-46A6-4D1E-A310-AAE156CADEA2}.Release|Win32.Build.0 = Release|Win32
		{B34CC822-46A6-4D1E-A310-AAE156CADEA2}.Release|x64.ActiveCfg = Release|Win32
	EndGlobalSection
	GlobalSection(SolutionProperties) = preSolution
		HideSolutionNode = FALSE
	EndGlobalSection
EndGlobal
